
Microsoft Visual Studio Solution File, Format Version 12.00
# Visual Studio 2013
VisualStudioVersion = 12.0.21005.1
MinimumVisualStudioVersion = 10.0.40219.1
Project("{FAE04EC0-301F-11D3-BF4B-00C04F79EFBC}") = "PointsGeneration", "PointsGeneration.csproj", "{CC3913BF-8BDB-489F-80DE-65B41D0228E7}"
EndProject
Project("{FAE04EC0-301F-11D3-BF4B-00C04F79EFBC}") = "test", "..\test\test.csproj", "{D118DD49-B91B-4286-9550-D746DBDB34B5}"
EndProject
Project("{FAE04EC0-301F-11D3-BF4B-00C04F79EFBC}") = "NN", "..\NN\NN.csproj", "{7E185EFE-AD01-47AF-A689-22DE3A22124A}"
EndProject
Project("{FAE04EC0-301F-11D3-BF4B-00C04F79EFBC}") = "Visualizer", "..\Visualizer\Visualizer.csproj", "{007DBBFF-064E-4CE8-A39A-959169F8680D}"
EndProject
Project("{FAE04EC0-301F-11D3-BF4B-00C04F79EFBC}") = "Common", "Common\Common.csproj", "{AC604876-DA08-49F2-B98E-6400BC38A6C3}"
EndProject
Global
	GlobalSection(SolutionConfigurationPlatforms) = preSolution
		Debug|Any CPU = Debug|Any CPU
		Release|Any CPU = Release|Any CPU
	EndGlobalSection
	GlobalSection(ProjectConfigurationPlatforms) = postSolution
		{CC3913BF-8BDB-489F-80DE-65B41D0228E7}.Debug|Any CPU.ActiveCfg = Debug|Any CPU
		{CC3913BF-8BDB-489F-80DE-65B41D0228E7}.Debug|Any CPU.Build.0 = Debug|Any CPU
		{CC3913BF-8BDB-489F-80DE-65B41D0228E7}.Release|Any CPU.ActiveCfg = Release|Any CPU
		{CC3913BF-8BDB-489F-80DE-65B41D0228E7}.Release|Any CPU.Build.0 = Release|Any CPU
		{D118DD49-B91B-4286-9550-D746DBDB34B5}.Debug|Any CPU.ActiveCfg = Debug|Any CPU
		{D118DD49-B91B-4286-9550-D746DBDB34B5}.Debug|Any CPU.Build.0 = Debug|Any CPU
		{D118DD49-B91B-4286-9550-D746DBDB34B5}.Release|Any CPU.ActiveCfg = Release|Any CPU
		{D118DD49-B91B-4286-9550-D746DBDB34B5}.Release|Any CPU.Build.0 = Release|Any CPU
		{7E185EFE-AD01-47AF-A689-22DE3A22124A}.Debug|Any CPU.ActiveCfg = Debug|Any CPU
		{7E185EFE-AD01-47AF-A689-22DE3A22124A}.Debug|Any CPU.Build.0 = Debug|Any CPU
		{7E185EFE-AD01-47AF-A689-22DE3A22124A}.Release|Any CPU.ActiveCfg = Release|Any CPU
		{7E185EFE-AD01-47AF-A689-22DE3A22124A}.Release|Any CPU.Build.0 = Release|Any CPU
		{007DBBFF-064E-4CE8-A39A-959169F8680D}.Debug|Any CPU.ActiveCfg = Debug|Any CPU
		{007DBBFF-064E-4CE8-A39A-959169F8680D}.Debug|Any CPU.Build.0 = Debug|Any CPU
		{007DBBFF-064E-4CE8-A39A-959169F8680D}.Release|Any CPU.ActiveCfg = Release|Any CPU
		{007DBBFF-064E-4CE8-A39A-959169F8680D}.Release|Any CPU.Build.0 = Release|Any CPU
		{AC604876-DA08-49F2-B98E-6400BC38A6C3}.Debug|Any CPU.ActiveCfg = Debug|Any CPU
		{AC604876-DA08-49F2-B98E-6400BC38A6C3}.Debug|Any CPU.Build.0 = Debug|Any CPU
		{AC604876-DA08-49F2-B98E-6400BC38A6C3}.Release|Any CPU.ActiveCfg = Release|Any CPU
		{AC604876-DA08-49F2-B98E-6400BC38A6C3}.Release|Any CPU.Build.0 = Release|Any CPU
	EndGlobalSection
	GlobalSection(SolutionProperties) = preSolution
		HideSolutionNode = FALSE
	EndGlobalSection
EndGlobal
